// !$*UTF8*$!
{
	archiveVersion = 1;
	classes = {
	};
	objectVersion = 46;
	objects = {

/* Begin PBXBuildFile section */
		451C59DA1B27F37C00AAC845 /* YTKJSONValidatorTests.m in Sources */ = {isa = PBXBuildFile; fileRef = 451C59D91B27F37C00AAC845 /* YTKJSONValidatorTests.m */; };
		457AD4041A8E45AB000E8B41 /* YTKBatchRequestAgent.m in Sources */ = {isa = PBXBuildFile; fileRef = 457AD4031A8E45AB000E8B41 /* YTKBatchRequestAgent.m */; };
		45AB19C11A4656A600680858 /* YTKUrlArgumentsFilter.m in Sources */ = {isa = PBXBuildFile; fileRef = 45AB19C01A4656A600680858 /* YTKUrlArgumentsFilter.m */; };
		45BF1D401A0DC0A100DDB7E0 /* RegisterApi.m in Sources */ = {isa = PBXBuildFile; fileRef = 45BF1D3F1A0DC0A100DDB7E0 /* RegisterApi.m */; };
		45BF1D431A0DC40F00DDB7E0 /* GetUserInfoApi.m in Sources */ = {isa = PBXBuildFile; fileRef = 45BF1D421A0DC40F00DDB7E0 /* GetUserInfoApi.m */; };
		45BF1D461A0DC66E00DDB7E0 /* GetImageApi.m in Sources */ = {isa = PBXBuildFile; fileRef = 45BF1D451A0DC66E00DDB7E0 /* GetImageApi.m */; };
		45F710841A466D01001957BA /* UploadImageApi.m in Sources */ = {isa = PBXBuildFile; fileRef = 45F710831A466D01001957BA /* UploadImageApi.m */; };
		BF007FD919FF972C00816462 /* main.m in Sources */ = {isa = PBXBuildFile; fileRef = BF007FD819FF972C00816462 /* main.m */; };
		BF007FDC19FF972C00816462 /* AppDelegate.m in Sources */ = {isa = PBXBuildFile; fileRef = BF007FDB19FF972C00816462 /* AppDelegate.m */; };
		BF007FDF19FF972C00816462 /* ViewController.m in Sources */ = {isa = PBXBuildFile; fileRef = BF007FDE19FF972C00816462 /* ViewController.m */; };
		BF007FE219FF972C00816462 /* Main.storyboard in Resources */ = {isa = PBXBuildFile; fileRef = BF007FE019FF972C00816462 /* Main.storyboard */; };
		BF007FE419FF972C00816462 /* Images.xcassets in Resources */ = {isa = PBXBuildFile; fileRef = BF007FE319FF972C00816462 /* Images.xcassets */; };
		BF007FE719FF972C00816462 /* LaunchScreen.xib in Resources */ = {isa = PBXBuildFile; fileRef = BF007FE519FF972C00816462 /* LaunchScreen.xib */; };
		BF007FF319FF972C00816462 /* YTKNetworkDemoTests.m in Sources */ = {isa = PBXBuildFile; fileRef = BF007FF219FF972C00816462 /* YTKNetworkDemoTests.m */; };
		BF00800D19FF988A00816462 /* YTKBaseRequest.m in Sources */ = {isa = PBXBuildFile; fileRef = BF007FFE19FF988A00816462 /* YTKBaseRequest.m */; };
		BF00800F19FF988A00816462 /* YTKBatchRequest.m in Sources */ = {isa = PBXBuildFile; fileRef = BF00800219FF988A00816462 /* YTKBatchRequest.m */; };
		BF00801019FF988A00816462 /* YTKChainRequest.m in Sources */ = {isa = PBXBuildFile; fileRef = BF00800419FF988A00816462 /* YTKChainRequest.m */; };
		BF00801119FF988A00816462 /* YTKChainRequestAgent.m in Sources */ = {isa = PBXBuildFile; fileRef = BF00800619FF988A00816462 /* YTKChainRequestAgent.m */; };
		BF00801219FF988A00816462 /* YTKNetworkAgent.m in Sources */ = {isa = PBXBuildFile; fileRef = BF00800819FF988A00816462 /* YTKNetworkAgent.m */; };
		BF00801319FF988A00816462 /* YTKNetworkConfig.m in Sources */ = {isa = PBXBuildFile; fileRef = BF00800A19FF988A00816462 /* YTKNetworkConfig.m */; };
		BF00801419FF988A00816462 /* YTKRequest.m in Sources */ = {isa = PBXBuildFile; fileRef = BF00800C19FF988A00816462 /* YTKRequest.m */; };
		BF00803E19FF98EE00816462 /* AFDownloadRequestOperation.m in Sources */ = {isa = PBXBuildFile; fileRef = BF00801819FF98EE00816462 /* AFDownloadRequestOperation.m */; };
		BF00803F19FF98EE00816462 /* AFHTTPRequestOperation.m in Sources */ = {isa = PBXBuildFile; fileRef = BF00801A19FF98EE00816462 /* AFHTTPRequestOperation.m */; };
		BF00804019FF98EE00816462 /* AFHTTPRequestOperationManager.m in Sources */ = {isa = PBXBuildFile; fileRef = BF00801C19FF98EE00816462 /* AFHTTPRequestOperationManager.m */; };
		BF00804119FF98EE00816462 /* AFHTTPSessionManager.m in Sources */ = {isa = PBXBuildFile; fileRef = BF00801E19FF98EE00816462 /* AFHTTPSessionManager.m */; };
		BF00804219FF98EE00816462 /* AFNetworkReachabilityManager.m in Sources */ = {isa = PBXBuildFile; fileRef = BF00802119FF98EE00816462 /* AFNetworkReachabilityManager.m */; };
		BF00804319FF98EE00816462 /* AFSecurityPolicy.m in Sources */ = {isa = PBXBuildFile; fileRef = BF00802319FF98EE00816462 /* AFSecurityPolicy.m */; };
		BF00804419FF98EE00816462 /* AFURLConnectionOperation.m in Sources */ = {isa = PBXBuildFile; fileRef = BF00802519FF98EE00816462 /* AFURLConnectionOperation.m */; };
		BF00804519FF98EE00816462 /* AFURLRequestSerialization.m in Sources */ = {isa = PBXBuildFile; fileRef = BF00802719FF98EE00816462 /* AFURLRequestSerialization.m */; };
		BF00804619FF98EE00816462 /* AFURLResponseSerialization.m in Sources */ = {isa = PBXBuildFile; fileRef = BF00802919FF98EE00816462 /* AFURLResponseSerialization.m */; };
		BF00804719FF98EE00816462 /* AFURLSessionManager.m in Sources */ = {isa = PBXBuildFile; fileRef = BF00802B19FF98EE00816462 /* AFURLSessionManager.m */; };
		BF00804819FF98EE00816462 /* AFNetworkActivityIndicatorManager.m in Sources */ = {isa = PBXBuildFile; fileRef = BF00802E19FF98EE00816462 /* AFNetworkActivityIndicatorManager.m */; };
		BF00804919FF98EE00816462 /* UIActivityIndicatorView+AFNetworking.m in Sources */ = {isa = PBXBuildFile; fileRef = BF00803019FF98EE00816462 /* UIActivityIndicatorView+AFNetworking.m */; };
		BF00804A19FF98EE00816462 /* UIAlertView+AFNetworking.m in Sources */ = {isa = PBXBuildFile; fileRef = BF00803219FF98EE00816462 /* UIAlertView+AFNetworking.m */; };
		BF00804B19FF98EE00816462 /* UIButton+AFNetworking.m in Sources */ = {isa = PBXBuildFile; fileRef = BF00803419FF98EE00816462 /* UIButton+AFNetworking.m */; };
		BF00804C19FF98EE00816462 /* UIImageView+AFNetworking.m in Sources */ = {isa = PBXBuildFile; fileRef = BF00803619FF98EE00816462 /* UIImageView+AFNetworking.m */; };
		BF00804D19FF98EE00816462 /* UIProgressView+AFNetworking.m in Sources */ = {isa = PBXBuildFile; fileRef = BF00803919FF98EE00816462 /* UIProgressView+AFNetworking.m */; };
		BF00804E19FF98EE00816462 /* UIRefreshControl+AFNetworking.m in Sources */ = {isa = PBXBuildFile; fileRef = BF00803B19FF98EE00816462 /* UIRefreshControl+AFNetworking.m */; };
		BF00804F19FF98EE00816462 /* UIWebView+AFNetworking.m in Sources */ = {isa = PBXBuildFile; fileRef = BF00803D19FF98EE00816462 /* UIWebView+AFNetworking.m */; };
		BF0080541A00913200816462 /* YTKNetworkPrivate.m in Sources */ = {isa = PBXBuildFile; fileRef = BF0080531A00913200816462 /* YTKNetworkPrivate.m */; };
/* End PBXBuildFile section */

/* Begin PBXContainerItemProxy section */
		BF007FED19FF972C00816462 /* PBXContainerItemProxy */ = {
			isa = PBXContainerItemProxy;
			containerPortal = BF007FCB19FF972C00816462 /* Project object */;
			proxyType = 1;
			remoteGlobalIDString = BF007FD219FF972C00816462;
			remoteInfo = YTKNetworkDemo;
		};
/* End PBXContainerItemProxy section */

/* Begin PBXFileReference section */
		451C59D91B27F37C00AAC845 /* YTKJSONValidatorTests.m */ = {isa = PBXFileReference; fileEncoding = 4; lastKnownFileType = sourcecode.c.objc; path = YTKJSONValidatorTests.m; sourceTree = "<group>"; };
		457AD4021A8E45AB000E8B41 /* YTKBatchRequestAgent.h */ = {isa = PBXFileReference; fileEncoding = 4; lastKnownFileType = sourcecode.c.h; path = YTKBatchRequestAgent.h; sourceTree = "<group>"; };
		457AD4031A8E45AB000E8B41 /* YTKBatchRequestAgent.m */ = {isa = PBXFileReference; fileEncoding = 4; lastKnownFileType = sourcecode.c.objc; path = YTKBatchRequestAgent.m; sourceTree = "<group>"; };
		45AB19BF1A4656A600680858 /* YTKUrlArgumentsFilter.h */ = {isa = PBXFileReference; fileEncoding = 4; lastKnownFileType = sourcecode.c.h; path = YTKUrlArgumentsFilter.h; sourceTree = "<group>"; };
		45AB19C01A4656A600680858 /* YTKUrlArgumentsFilter.m */ = {isa = PBXFileReference; fileEncoding = 4; lastKnownFileType = sourcecode.c.objc; path = YTKUrlArgumentsFilter.m; sourceTree = "<group>"; };
		45BF1D3E1A0DC0A100DDB7E0 /* RegisterApi.h */ = {isa = PBXFileReference; fileEncoding = 4; lastKnownFileType = sourcecode.c.h; path = RegisterApi.h; sourceTree = "<group>"; };
		45BF1D3F1A0DC0A100DDB7E0 /* RegisterApi.m */ = {isa = PBXFileReference; fileEncoding = 4; lastKnownFileType = sourcecode.c.objc; path = RegisterApi.m; sourceTree = "<group>"; };
		45BF1D411A0DC40F00DDB7E0 /* GetUserInfoApi.h */ = {isa = PBXFileReference; fileEncoding = 4; lastKnownFileType = sourcecode.c.h; path = GetUserInfoApi.h; sourceTree = "<group>"; };
		45BF1D421A0DC40F00DDB7E0 /* GetUserInfoApi.m */ = {isa = PBXFileReference; fileEncoding = 4; lastKnownFileType = sourcecode.c.objc; path = GetUserInfoApi.m; sourceTree = "<group>"; };
		45BF1D441A0DC66E00DDB7E0 /* GetImageApi.h */ = {isa = PBXFileReference; fileEncoding = 4; lastKnownFileType = sourcecode.c.h; path = GetImageApi.h; sourceTree = "<group>"; };
		45BF1D451A0DC66E00DDB7E0 /* GetImageApi.m */ = {isa = PBXFileReference; fileEncoding = 4; lastKnownFileType = sourcecode.c.objc; path = GetImageApi.m; sourceTree = "<group>"; };
		45F710821A466D01001957BA /* UploadImageApi.h */ = {isa = PBXFileReference; fileEncoding = 4; lastKnownFileType = sourcecode.c.h; path = UploadImageApi.h; sourceTree = "<group>"; };
		45F710831A466D01001957BA /* UploadImageApi.m */ = {isa = PBXFileReference; fileEncoding = 4; lastKnownFileType = sourcecode.c.objc; path = UploadImageApi.m; sourceTree = "<group>"; };
		BF007FD319FF972C00816462 /* YTKNetworkDemo.app */ = {isa = PBXFileReference; explicitFileType = wrapper.application; includeInIndex = 0; path = YTKNetworkDemo.app; sourceTree = BUILT_PRODUCTS_DIR; };
		BF007FD719FF972C00816462 /* Info.plist */ = {isa = PBXFileReference; lastKnownFileType = text.plist.xml; path = Info.plist; sourceTree = "<group>"; };
		BF007FD819FF972C00816462 /* main.m */ = {isa = PBXFileReference; lastKnownFileType = sourcecode.c.objc; path = main.m; sourceTree = "<group>"; };
		BF007FDA19FF972C00816462 /* AppDelegate.h */ = {isa = PBXFileReference; lastKnownFileType = sourcecode.c.h; path = AppDelegate.h; sourceTree = "<group>"; };
		BF007FDB19FF972C00816462 /* AppDelegate.m */ = {isa = PBXFileReference; lastKnownFileType = sourcecode.c.objc; path = AppDelegate.m; sourceTree = "<group>"; };
		BF007FDD19FF972C00816462 /* ViewController.h */ = {isa = PBXFileReference; lastKnownFileType = sourcecode.c.h; path = ViewController.h; sourceTree = "<group>"; };
		BF007FDE19FF972C00816462 /* ViewController.m */ = {isa = PBXFileReference; lastKnownFileType = sourcecode.c.objc; path = ViewController.m; sourceTree = "<group>"; };
		BF007FE119FF972C00816462 /* Base */ = {isa = PBXFileReference; lastKnownFileType = file.storyboard; name = Base; path = Base.lproj/Main.storyboard; sourceTree = "<group>"; };
		BF007FE319FF972C00816462 /* Images.xcassets */ = {isa = PBXFileReference; lastKnownFileType = folder.assetcatalog; path = Images.xcassets; sourceTree = "<group>"; };
		BF007FE619FF972C00816462 /* Base */ = {isa = PBXFileReference; lastKnownFileType = file.xib; name = Base; path = Base.lproj/LaunchScreen.xib; sourceTree = "<group>"; };
		BF007FEC19FF972C00816462 /* YTKNetworkDemoTests.xctest */ = {isa = PBXFileReference; explicitFileType = wrapper.cfbundle; includeInIndex = 0; path = YTKNetworkDemoTests.xctest; sourceTree = BUILT_PRODUCTS_DIR; };
		BF007FF119FF972C00816462 /* Info.plist */ = {isa = PBXFileReference; lastKnownFileType = text.plist.xml; path = Info.plist; sourceTree = "<group>"; };
		BF007FF219FF972C00816462 /* YTKNetworkDemoTests.m */ = {isa = PBXFileReference; lastKnownFileType = sourcecode.c.objc; path = YTKNetworkDemoTests.m; sourceTree = "<group>"; };
		BF007FFD19FF988A00816462 /* YTKBaseRequest.h */ = {isa = PBXFileReference; fileEncoding = 4; lastKnownFileType = sourcecode.c.h; path = YTKBaseRequest.h; sourceTree = "<group>"; };
		BF007FFE19FF988A00816462 /* YTKBaseRequest.m */ = {isa = PBXFileReference; fileEncoding = 4; lastKnownFileType = sourcecode.c.objc; path = YTKBaseRequest.m; sourceTree = "<group>"; };
		BF00800119FF988A00816462 /* YTKBatchRequest.h */ = {isa = PBXFileReference; fileEncoding = 4; lastKnownFileType = sourcecode.c.h; path = YTKBatchRequest.h; sourceTree = "<group>"; };
		BF00800219FF988A00816462 /* YTKBatchRequest.m */ = {isa = PBXFileReference; fileEncoding = 4; lastKnownFileType = sourcecode.c.objc; path = YTKBatchRequest.m; sourceTree = "<group>"; };
		BF00800319FF988A00816462 /* YTKChainRequest.h */ = {isa = PBXFileReference; fileEncoding = 4; lastKnownFileType = sourcecode.c.h; path = YTKChainRequest.h; sourceTree = "<group>"; };
		BF00800419FF988A00816462 /* YTKChainRequest.m */ = {isa = PBXFileReference; fileEncoding = 4; lastKnownFileType = sourcecode.c.objc; path = YTKChainRequest.m; sourceTree = "<group>"; };
		BF00800519FF988A00816462 /* YTKChainRequestAgent.h */ = {isa = PBXFileReference; fileEncoding = 4; lastKnownFileType = sourcecode.c.h; path = YTKChainRequestAgent.h; sourceTree = "<group>"; };
		BF00800619FF988A00816462 /* YTKChainRequestAgent.m */ = {isa = PBXFileReference; fileEncoding = 4; lastKnownFileType = sourcecode.c.objc; path = YTKChainRequestAgent.m; sourceTree = "<group>"; };
		BF00800719FF988A00816462 /* YTKNetworkAgent.h */ = {isa = PBXFileReference; fileEncoding = 4; lastKnownFileType = sourcecode.c.h; path = YTKNetworkAgent.h; sourceTree = "<group>"; };
		BF00800819FF988A00816462 /* YTKNetworkAgent.m */ = {isa = PBXFileReference; fileEncoding = 4; lastKnownFileType = sourcecode.c.objc; path = YTKNetworkAgent.m; sourceTree = "<group>"; };
		BF00800919FF988A00816462 /* YTKNetworkConfig.h */ = {isa = PBXFileReference; fileEncoding = 4; lastKnownFileType = sourcecode.c.h; path = YTKNetworkConfig.h; sourceTree = "<group>"; };
		BF00800A19FF988A00816462 /* YTKNetworkConfig.m */ = {isa = PBXFileReference; fileEncoding = 4; lastKnownFileType = sourcecode.c.objc; path = YTKNetworkConfig.m; sourceTree = "<group>"; };
		BF00800B19FF988A00816462 /* YTKRequest.h */ = {isa = PBXFileReference; fileEncoding = 4; lastKnownFileType = sourcecode.c.h; path = YTKRequest.h; sourceTree = "<group>"; };
		BF00800C19FF988A00816462 /* YTKRequest.m */ = {isa = PBXFileReference; fileEncoding = 4; lastKnownFileType = sourcecode.c.objc; path = YTKRequest.m; sourceTree = "<group>"; };
		BF00801719FF98EE00816462 /* AFDownloadRequestOperation.h */ = {isa = PBXFileReference; fileEncoding = 4; lastKnownFileType = sourcecode.c.h; path = AFDownloadRequestOperation.h; sourceTree = "<group>"; };
		BF00801819FF98EE00816462 /* AFDownloadRequestOperation.m */ = {isa = PBXFileReference; fileEncoding = 4; lastKnownFileType = sourcecode.c.objc; path = AFDownloadRequestOperation.m; sourceTree = "<group>"; };
		BF00801919FF98EE00816462 /* AFHTTPRequestOperation.h */ = {isa = PBXFileReference; fileEncoding = 4; lastKnownFileType = sourcecode.c.h; path = AFHTTPRequestOperation.h; sourceTree = "<group>"; };
		BF00801A19FF98EE00816462 /* AFHTTPRequestOperation.m */ = {isa = PBXFileReference; fileEncoding = 4; lastKnownFileType = sourcecode.c.objc; path = AFHTTPRequestOperation.m; sourceTree = "<group>"; };
		BF00801B19FF98EE00816462 /* AFHTTPRequestOperationManager.h */ = {isa = PBXFileReference; fileEncoding = 4; lastKnownFileType = sourcecode.c.h; path = AFHTTPRequestOperationManager.h; sourceTree = "<group>"; };
		BF00801C19FF98EE00816462 /* AFHTTPRequestOperationManager.m */ = {isa = PBXFileReference; fileEncoding = 4; lastKnownFileType = sourcecode.c.objc; path = AFHTTPRequestOperationManager.m; sourceTree = "<group>"; };
		BF00801D19FF98EE00816462 /* AFHTTPSessionManager.h */ = {isa = PBXFileReference; fileEncoding = 4; lastKnownFileType = sourcecode.c.h; path = AFHTTPSessionManager.h; sourceTree = "<group>"; };
		BF00801E19FF98EE00816462 /* AFHTTPSessionManager.m */ = {isa = PBXFileReference; fileEncoding = 4; lastKnownFileType = sourcecode.c.objc; path = AFHTTPSessionManager.m; sourceTree = "<group>"; };
		BF00801F19FF98EE00816462 /* AFNetworking.h */ = {isa = PBXFileReference; fileEncoding = 4; lastKnownFileType = sourcecode.c.h; path = AFNetworking.h; sourceTree = "<group>"; };
		BF00802019FF98EE00816462 /* AFNetworkReachabilityManager.h */ = {isa = PBXFileReference; fileEncoding = 4; lastKnownFileType = sourcecode.c.h; path = AFNetworkReachabilityManager.h; sourceTree = "<group>"; };
		BF00802119FF98EE00816462 /* AFNetworkReachabilityManager.m */ = {isa = PBXFileReference; fileEncoding = 4; lastKnownFileType = sourcecode.c.objc; path = AFNetworkReachabilityManager.m; sourceTree = "<group>"; };
		BF00802219FF98EE00816462 /* AFSecurityPolicy.h */ = {isa = PBXFileReference; fileEncoding = 4; lastKnownFileType = sourcecode.c.h; path = AFSecurityPolicy.h; sourceTree = "<group>"; };
		BF00802319FF98EE00816462 /* AFSecurityPolicy.m */ = {isa = PBXFileReference; fileEncoding = 4; lastKnownFileType = sourcecode.c.objc; path = AFSecurityPolicy.m; sourceTree = "<group>"; };
		BF00802419FF98EE00816462 /* AFURLConnectionOperation.h */ = {isa = PBXFileReference; fileEncoding = 4; lastKnownFileType = sourcecode.c.h; path = AFURLConnectionOperation.h; sourceTree = "<group>"; };
		BF00802519FF98EE00816462 /* AFURLConnectionOperation.m */ = {isa = PBXFileReference; fileEncoding = 4; lastKnownFileType = sourcecode.c.objc; path = AFURLConnectionOperation.m; sourceTree = "<group>"; };
		BF00802619FF98EE00816462 /* AFURLRequestSerialization.h */ = {isa = PBXFileReference; fileEncoding = 4; lastKnownFileType = sourcecode.c.h; path = AFURLRequestSerialization.h; sourceTree = "<group>"; };
		BF00802719FF98EE00816462 /* AFURLRequestSerialization.m */ = {isa = PBXFileReference; fileEncoding = 4; lastKnownFileType = sourcecode.c.objc; path = AFURLRequestSerialization.m; sourceTree = "<group>"; };
		BF00802819FF98EE00816462 /* AFURLResponseSerialization.h */ = {isa = PBXFileReference; fileEncoding = 4; lastKnownFileType = sourcecode.c.h; path = AFURLResponseSerialization.h; sourceTree = "<group>"; };
		BF00802919FF98EE00816462 /* AFURLResponseSerialization.m */ = {isa = PBXFileReference; fileEncoding = 4; lastKnownFileType = sourcecode.c.objc; path = AFURLResponseSerialization.m; sourceTree = "<group>"; };
		BF00802A19FF98EE00816462 /* AFURLSessionManager.h */ = {isa = PBXFileReference; fileEncoding = 4; lastKnownFileType = sourcecode.c.h; path = AFURLSessionManager.h; sourceTree = "<group>"; };
		BF00802B19FF98EE00816462 /* AFURLSessionManager.m */ = {isa = PBXFileReference; fileEncoding = 4; lastKnownFileType = sourcecode.c.objc; path = AFURLSessionManager.m; sourceTree = "<group>"; };
		BF00802D19FF98EE00816462 /* AFNetworkActivityIndicatorManager.h */ = {isa = PBXFileReference; fileEncoding = 4; lastKnownFileType = sourcecode.c.h; path = AFNetworkActivityIndicatorManager.h; sourceTree = "<group>"; };
		BF00802E19FF98EE00816462 /* AFNetworkActivityIndicatorManager.m */ = {isa = PBXFileReference; fileEncoding = 4; lastKnownFileType = sourcecode.c.objc; path = AFNetworkActivityIndicatorManager.m; sourceTree = "<group>"; };
		BF00802F19FF98EE00816462 /* UIActivityIndicatorView+AFNetworking.h */ = {isa = PBXFileReference; fileEncoding = 4; lastKnownFileType = sourcecode.c.h; path = "UIActivityIndicatorView+AFNetworking.h"; sourceTree = "<group>"; };
		BF00803019FF98EE00816462 /* UIActivityIndicatorView+AFNetworking.m */ = {isa = PBXFileReference; fileEncoding = 4; lastKnownFileType = sourcecode.c.objc; path = "UIActivityIndicatorView+AFNetworking.m"; sourceTree = "<group>"; };
		BF00803119FF98EE00816462 /* UIAlertView+AFNetworking.h */ = {isa = PBXFileReference; fileEncoding = 4; lastKnownFileType = sourcecode.c.h; path = "UIAlertView+AFNetworking.h"; sourceTree = "<group>"; };
		BF00803219FF98EE00816462 /* UIAlertView+AFNetworking.m */ = {isa = PBXFileReference; fileEncoding = 4; lastKnownFileType = sourcecode.c.objc; path = "UIAlertView+AFNetworking.m"; sourceTree = "<group>"; };
		BF00803319FF98EE00816462 /* UIButton+AFNetworking.h */ = {isa = PBXFileReference; fileEncoding = 4; lastKnownFileType = sourcecode.c.h; path = "UIButton+AFNetworking.h"; sourceTree = "<group>"; };
		BF00803419FF98EE00816462 /* UIButton+AFNetworking.m */ = {isa = PBXFileReference; fileEncoding = 4; lastKnownFileType = sourcecode.c.objc; path = "UIButton+AFNetworking.m"; sourceTree = "<group>"; };
		BF00803519FF98EE00816462 /* UIImageView+AFNetworking.h */ = {isa = PBXFileReference; fileEncoding = 4; lastKnownFileType = sourcecode.c.h; path = "UIImageView+AFNetworking.h"; sourceTree = "<group>"; };
		BF00803619FF98EE00816462 /* UIImageView+AFNetworking.m */ = {isa = PBXFileReference; fileEncoding = 4; lastKnownFileType = sourcecode.c.objc; path = "UIImageView+AFNetworking.m"; sourceTree = "<group>"; };
		BF00803719FF98EE00816462 /* UIKit+AFNetworking.h */ = {isa = PBXFileReference; fileEncoding = 4; lastKnownFileType = sourcecode.c.h; path = "UIKit+AFNetworking.h"; sourceTree = "<group>"; };
		BF00803819FF98EE00816462 /* UIProgressView+AFNetworking.h */ = {isa = PBXFileReference; fileEncoding = 4; lastKnownFileType = sourcecode.c.h; path = "UIProgressView+AFNetworking.h"; sourceTree = "<group>"; };
		BF00803919FF98EE00816462 /* UIProgressView+AFNetworking.m */ = {isa = PBXFileReference; fileEncoding = 4; lastKnownFileType = sourcecode.c.objc; path = "UIProgressView+AFNetworking.m"; sourceTree = "<group>"; };
		BF00803A19FF98EE00816462 /* UIRefreshControl+AFNetworking.h */ = {isa = PBXFileReference; fileEncoding = 4; lastKnownFileType = sourcecode.c.h; path = "UIRefreshControl+AFNetworking.h"; sourceTree = "<group>"; };
		BF00803B19FF98EE00816462 /* UIRefreshControl+AFNetworking.m */ = {isa = PBXFileReference; fileEncoding = 4; lastKnownFileType = sourcecode.c.objc; path = "UIRefreshControl+AFNetworking.m"; sourceTree = "<group>"; };
		BF00803C19FF98EE00816462 /* UIWebView+AFNetworking.h */ = {isa = PBXFileReference; fileEncoding = 4; lastKnownFileType = sourcecode.c.h; path = "UIWebView+AFNetworking.h"; sourceTree = "<group>"; };
		BF00803D19FF98EE00816462 /* UIWebView+AFNetworking.m */ = {isa = PBXFileReference; fileEncoding = 4; lastKnownFileType = sourcecode.c.objc; path = "UIWebView+AFNetworking.m"; sourceTree = "<group>"; };
		BF0080521A00913200816462 /* YTKNetworkPrivate.h */ = {isa = PBXFileReference; fileEncoding = 4; lastKnownFileType = sourcecode.c.h; path = YTKNetworkPrivate.h; sourceTree = "<group>"; };
		BF0080531A00913200816462 /* YTKNetworkPrivate.m */ = {isa = PBXFileReference; fileEncoding = 4; lastKnownFileType = sourcecode.c.objc; path = YTKNetworkPrivate.m; sourceTree = "<group>"; };
/* End PBXFileReference section */

/* Begin PBXFrameworksBuildPhase section */
		BF007FD019FF972C00816462 /* Frameworks */ = {
			isa = PBXFrameworksBuildPhase;
			buildActionMask = 2147483647;
			files = (
			);
			runOnlyForDeploymentPostprocessing = 0;
		};
		BF007FE919FF972C00816462 /* Frameworks */ = {
			isa = PBXFrameworksBuildPhase;
			buildActionMask = 2147483647;
			files = (
			);
			runOnlyForDeploymentPostprocessing = 0;
		};
/* End PBXFrameworksBuildPhase section */

/* Begin PBXGroup section */
		BF007FCA19FF972C00816462 = {
			isa = PBXGroup;
			children = (
				BF00801519FF98EE00816462 /* AFNetworking */,
				BF007FFC19FF988A00816462 /* YTKNetwork */,
				BF007FD519FF972C00816462 /* YTKNetworkDemo */,
				BF007FEF19FF972C00816462 /* YTKNetworkDemoTests */,
				BF007FD419FF972C00816462 /* Products */,
			);
			sourceTree = "<group>";
		};
		BF007FD419FF972C00816462 /* Products */ = {
			isa = PBXGroup;
			children = (
				BF007FD319FF972C00816462 /* YTKNetworkDemo.app */,
				BF007FEC19FF972C00816462 /* YTKNetworkDemoTests.xctest */,
			);
			name = Products;
			sourceTree = "<group>";
		};
		BF007FD519FF972C00816462 /* YTKNetworkDemo */ = {
			isa = PBXGroup;
			children = (
				45F710821A466D01001957BA /* UploadImageApi.h */,
				45F710831A466D01001957BA /* UploadImageApi.m */,
				45AB19BF1A4656A600680858 /* YTKUrlArgumentsFilter.h */,
				45AB19C01A4656A600680858 /* YTKUrlArgumentsFilter.m */,
				45BF1D3E1A0DC0A100DDB7E0 /* RegisterApi.h */,
				45BF1D3F1A0DC0A100DDB7E0 /* RegisterApi.m */,
				45BF1D411A0DC40F00DDB7E0 /* GetUserInfoApi.h */,
				45BF1D421A0DC40F00DDB7E0 /* GetUserInfoApi.m */,
				45BF1D441A0DC66E00DDB7E0 /* GetImageApi.h */,
				45BF1D451A0DC66E00DDB7E0 /* GetImageApi.m */,
				BF007FDA19FF972C00816462 /* AppDelegate.h */,
				BF007FDB19FF972C00816462 /* AppDelegate.m */,
				BF007FDD19FF972C00816462 /* ViewController.h */,
				BF007FDE19FF972C00816462 /* ViewController.m */,
				BF007FE019FF972C00816462 /* Main.storyboard */,
				BF007FE319FF972C00816462 /* Images.xcassets */,
				BF007FE519FF972C00816462 /* LaunchScreen.xib */,
				BF007FD619FF972C00816462 /* Supporting Files */,
			);
			path = YTKNetworkDemo;
			sourceTree = "<group>";
		};
		BF007FD619FF972C00816462 /* Supporting Files */ = {
			isa = PBXGroup;
			children = (
				BF007FD719FF972C00816462 /* Info.plist */,
				BF007FD819FF972C00816462 /* main.m */,
			);
			name = "Supporting Files";
			sourceTree = "<group>";
		};
		BF007FEF19FF972C00816462 /* YTKNetworkDemoTests */ = {
			isa = PBXGroup;
			children = (
				451C59D91B27F37C00AAC845 /* YTKJSONValidatorTests.m */,
				BF007FF219FF972C00816462 /* YTKNetworkDemoTests.m */,
				BF007FF019FF972C00816462 /* Supporting Files */,
			);
			path = YTKNetworkDemoTests;
			sourceTree = "<group>";
		};
		BF007FF019FF972C00816462 /* Supporting Files */ = {
			isa = PBXGroup;
			children = (
				BF007FF119FF972C00816462 /* Info.plist */,
			);
			name = "Supporting Files";
			sourceTree = "<group>";
		};
		BF007FFC19FF988A00816462 /* YTKNetwork */ = {
			isa = PBXGroup;
			children = (
				BF0080521A00913200816462 /* YTKNetworkPrivate.h */,
				BF0080531A00913200816462 /* YTKNetworkPrivate.m */,
				BF007FFD19FF988A00816462 /* YTKBaseRequest.h */,
				BF007FFE19FF988A00816462 /* YTKBaseRequest.m */,
				BF00800119FF988A00816462 /* YTKBatchRequest.h */,
				BF00800219FF988A00816462 /* YTKBatchRequest.m */,
				BF00800319FF988A00816462 /* YTKChainRequest.h */,
				BF00800419FF988A00816462 /* YTKChainRequest.m */,
				BF00800519FF988A00816462 /* YTKChainRequestAgent.h */,
				BF00800619FF988A00816462 /* YTKChainRequestAgent.m */,
				457AD4021A8E45AB000E8B41 /* YTKBatchRequestAgent.h */,
				457AD4031A8E45AB000E8B41 /* YTKBatchRequestAgent.m */,
				BF00800719FF988A00816462 /* YTKNetworkAgent.h */,
				BF00800819FF988A00816462 /* YTKNetworkAgent.m */,
				BF00800919FF988A00816462 /* YTKNetworkConfig.h */,
				BF00800A19FF988A00816462 /* YTKNetworkConfig.m */,
				BF00800B19FF988A00816462 /* YTKRequest.h */,
				BF00800C19FF988A00816462 /* YTKRequest.m */,
			);
			name = YTKNetwork;
			path = ../YTKNetwork;
			sourceTree = "<group>";
		};
		BF00801519FF98EE00816462 /* AFNetworking */ = {
			isa = PBXGroup;
			children = (
				BF00801619FF98EE00816462 /* AFDownloadRequestOperation */,
				BF00801919FF98EE00816462 /* AFHTTPRequestOperation.h */,
				BF00801A19FF98EE00816462 /* AFHTTPRequestOperation.m */,
				BF00801B19FF98EE00816462 /* AFHTTPRequestOperationManager.h */,
				BF00801C19FF98EE00816462 /* AFHTTPRequestOperationManager.m */,
				BF00801D19FF98EE00816462 /* AFHTTPSessionManager.h */,
				BF00801E19FF98EE00816462 /* AFHTTPSessionManager.m */,
				BF00801F19FF98EE00816462 /* AFNetworking.h */,
				BF00802019FF98EE00816462 /* AFNetworkReachabilityManager.h */,
				BF00802119FF98EE00816462 /* AFNetworkReachabilityManager.m */,
				BF00802219FF98EE00816462 /* AFSecurityPolicy.h */,
				BF00802319FF98EE00816462 /* AFSecurityPolicy.m */,
				BF00802419FF98EE00816462 /* AFURLConnectionOperation.h */,
				BF00802519FF98EE00816462 /* AFURLConnectionOperation.m */,
				BF00802619FF98EE00816462 /* AFURLRequestSerialization.h */,
				BF00802719FF98EE00816462 /* AFURLRequestSerialization.m */,
				BF00802819FF98EE00816462 /* AFURLResponseSerialization.h */,
				BF00802919FF98EE00816462 /* AFURLResponseSerialization.m */,
				BF00802A19FF98EE00816462 /* AFURLSessionManager.h */,
				BF00802B19FF98EE00816462 /* AFURLSessionManager.m */,
				BF00802C19FF98EE00816462 /* UIKit+AFNetworking */,
			);
			name = AFNetworking;
			path = ../AFNetworking;
			sourceTree = "<group>";
		};
		BF00801619FF98EE00816462 /* AFDownloadRequestOperation */ = {
			isa = PBXGroup;
			children = (
				BF00801719FF98EE00816462 /* AFDownloadRequestOperation.h */,
				BF00801819FF98EE00816462 /* AFDownloadRequestOperation.m */,
			);
			path = AFDownloadRequestOperation;
			sourceTree = "<group>";
		};
		BF00802C19FF98EE00816462 /* UIKit+AFNetworking */ = {
			isa = PBXGroup;
			children = (
				BF00802D19FF98EE00816462 /* AFNetworkActivityIndicatorManager.h */,
				BF00802E19FF98EE00816462 /* AFNetworkActivityIndicatorManager.m */,
				BF00802F19FF98EE00816462 /* UIActivityIndicatorView+AFNetworking.h */,
				BF00803019FF98EE00816462 /* UIActivityIndicatorView+AFNetworking.m */,
				BF00803119FF98EE00816462 /* UIAlertView+AFNetworking.h */,
				BF00803219FF98EE00816462 /* UIAlertView+AFNetworking.m */,
				BF00803319FF98EE00816462 /* UIButton+AFNetworking.h */,
				BF00803419FF98EE00816462 /* UIButton+AFNetworking.m */,
				BF00803519FF98EE00816462 /* UIImageView+AFNetworking.h */,
				BF00803619FF98EE00816462 /* UIImageView+AFNetworking.m */,
				BF00803719FF98EE00816462 /* UIKit+AFNetworking.h */,
				BF00803819FF98EE00816462 /* UIProgressView+AFNetworking.h */,
				BF00803919FF98EE00816462 /* UIProgressView+AFNetworking.m */,
				BF00803A19FF98EE00816462 /* UIRefreshControl+AFNetworking.h */,
				BF00803B19FF98EE00816462 /* UIRefreshControl+AFNetworking.m */,
				BF00803C19FF98EE00816462 /* UIWebView+AFNetworking.h */,
				BF00803D19FF98EE00816462 /* UIWebView+AFNetworking.m */,
			);
			path = "UIKit+AFNetworking";
			sourceTree = "<group>";
		};
/* End PBXGroup section */

/* Begin PBXNativeTarget section */
		BF007FD219FF972C00816462 /* YTKNetworkDemo */ = {
			isa = PBXNativeTarget;
			buildConfigurationList = BF007FF619FF972C00816462 /* Build configuration list for PBXNativeTarget "YTKNetworkDemo" */;
			buildPhases = (
				BF007FCF19FF972C00816462 /* Sources */,
				BF007FD019FF972C00816462 /* Frameworks */,
				BF007FD119FF972C00816462 /* Resources */,
			);
			buildRules = (
			);
			dependencies = (
			);
			name = YTKNetworkDemo;
			productName = YTKNetworkDemo;
			productReference = BF007FD319FF972C00816462 /* YTKNetworkDemo.app */;
			productType = "com.apple.product-type.application";
		};
		BF007FEB19FF972C00816462 /* YTKNetworkDemoTests */ = {
			isa = PBXNativeTarget;
			buildConfigurationList = BF007FF919FF972C00816462 /* Build configuration list for PBXNativeTarget "YTKNetworkDemoTests" */;
			buildPhases = (
				BF007FE819FF972C00816462 /* Sources */,
				BF007FE919FF972C00816462 /* Frameworks */,
				BF007FEA19FF972C00816462 /* Resources */,
			);
			buildRules = (
			);
			dependencies = (
				BF007FEE19FF972C00816462 /* PBXTargetDependency */,
			);
			name = YTKNetworkDemoTests;
			productName = YTKNetworkDemoTests;
			productReference = BF007FEC19FF972C00816462 /* YTKNetworkDemoTests.xctest */;
			productType = "com.apple.product-type.bundle.unit-test";
		};
/* End PBXNativeTarget section */

/* Begin PBXProject section */
		BF007FCB19FF972C00816462 /* Project object */ = {
			isa = PBXProject;
			attributes = {
				LastUpgradeCheck = 0610;
				ORGANIZATIONNAME = yuantiku.com;
				TargetAttributes = {
					BF007FD219FF972C00816462 = {
						CreatedOnToolsVersion = 6.1;
					};
					BF007FEB19FF972C00816462 = {
						CreatedOnToolsVersion = 6.1;
						TestTargetID = BF007FD219FF972C00816462;
					};
				};
			};
			buildConfigurationList = BF007FCE19FF972C00816462 /* Build configuration list for PBXProject "YTKNetworkDemo" */;
			compatibilityVersion = "Xcode 3.2";
			developmentRegion = English;
			hasScannedForEncodings = 0;
			knownRegions = (
				en,
				Base,
			);
			mainGroup = BF007FCA19FF972C00816462;
			productRefGroup = BF007FD419FF972C00816462 /* Products */;
			projectDirPath = "";
			projectRoot = "";
			targets = (
				BF007FD219FF972C00816462 /* YTKNetworkDemo */,
				BF007FEB19FF972C00816462 /* YTKNetworkDemoTests */,
			);
		};
/* End PBXProject section */

/* Begin PBXResourcesBuildPhase section */
		BF007FD119FF972C00816462 /* Resources */ = {
			isa = PBXResourcesBuildPhase;
			buildActionMask = 2147483647;
			files = (
				BF007FE219FF972C00816462 /* Main.storyboard in Resources */,
				BF007FE719FF972C00816462 /* LaunchScreen.xib in Resources */,
				BF007FE419FF972C00816462 /* Images.xcassets in Resources */,
			);
			runOnlyForDeploymentPostprocessing = 0;
		};
		BF007FEA19FF972C00816462 /* Resources */ = {
			isa = PBXResourcesBuildPhase;
			buildActionMask = 2147483647;
			files = (
			);
			runOnlyForDeploymentPostprocessing = 0;
		};
/* End PBXResourcesBuildPhase section */

/* Begin PBXSourcesBuildPhase section */
		BF007FCF19FF972C00816462 /* Sources */ = {
			isa = PBXSourcesBuildPhase;
			buildActionMask = 2147483647;
			files = (
				BF00804A19FF98EE00816462 /* UIAlertView+AFNetworking.m in Sources */,
				BF00804C19FF98EE00816462 /* UIImageView+AFNetworking.m in Sources */,
				BF00804B19FF98EE00816462 /* UIButton+AFNetworking.m in Sources */,
				BF00803F19FF98EE00816462 /* AFHTTPRequestOperation.m in Sources */,
				BF00803E19FF98EE00816462 /* AFDownloadRequestOperation.m in Sources */,
				45BF1D461A0DC66E00DDB7E0 /* GetImageApi.m in Sources */,
				BF007FDF19FF972C00816462 /* ViewController.m in Sources */,
				BF00804719FF98EE00816462 /* AFURLSessionManager.m in Sources */,
				BF00804819FF98EE00816462 /* AFNetworkActivityIndicatorManager.m in Sources */,
				45AB19C11A4656A600680858 /* YTKUrlArgumentsFilter.m in Sources */,
				BF00801419FF988A00816462 /* YTKRequest.m in Sources */,
				BF00804419FF98EE00816462 /* AFURLConnectionOperation.m in Sources */,
				BF00804019FF98EE00816462 /* AFHTTPRequestOperationManager.m in Sources */,
				BF00801219FF988A00816462 /* YTKNetworkAgent.m in Sources */,
				BF00804219FF98EE00816462 /* AFNetworkReachabilityManager.m in Sources */,
				BF00800F19FF988A00816462 /* YTKBatchRequest.m in Sources */,
				45BF1D431A0DC40F00DDB7E0 /* GetUserInfoApi.m in Sources */,
				BF007FDC19FF972C00816462 /* AppDelegate.m in Sources */,
				BF00804319FF98EE00816462 /* AFSecurityPolicy.m in Sources */,
				457AD4041A8E45AB000E8B41 /* YTKBatchRequestAgent.m in Sources */,
				45F710841A466D01001957BA /* UploadImageApi.m in Sources */,
				BF007FD919FF972C00816462 /* main.m in Sources */,
				BF0080541A00913200816462 /* YTKNetworkPrivate.m in Sources */,
				BF00804519FF98EE00816462 /* AFURLRequestSerialization.m in Sources */,
				BF00801319FF988A00816462 /* YTKNetworkConfig.m in Sources */,
				BF00804619FF98EE00816462 /* AFURLResponseSerialization.m in Sources */,
				45BF1D401A0DC0A100DDB7E0 /* RegisterApi.m in Sources */,
				BF00801119FF988A00816462 /* YTKChainRequestAgent.m in Sources */,
				BF00804919FF98EE00816462 /* UIActivityIndicatorView+AFNetworking.m in Sources */,
				BF00804E19FF98EE00816462 /* UIRefreshControl+AFNetworking.m in Sources */,
				BF00804D19FF98EE00816462 /* UIProgressView+AFNetworking.m in Sources */,
				BF00800D19FF988A00816462 /* YTKBaseRequest.m in Sources */,
				BF00804F19FF98EE00816462 /* UIWebView+AFNetworking.m in Sources */,
				BF00804119FF98EE00816462 /* AFHTTPSessionManager.m in Sources */,
				BF00801019FF988A00816462 /* YTKChainRequest.m in Sources */,
			);
			runOnlyForDeploymentPostprocessing = 0;
		};
		BF007FE819FF972C00816462 /* Sources */ = {
			isa = PBXSourcesBuildPhase;
			buildActionMask = 2147483647;
			files = (
				BF007FF319FF972C00816462 /* YTKNetworkDemoTests.m in Sources */,
				451C59DA1B27F37C00AAC845 /* YTKJSONValidatorTests.m in Sources */,
			);
			runOnlyForDeploymentPostprocessing = 0;
		};
/* End PBXSourcesBuildPhase section */

/* Begin PBXTargetDependency section */
		BF007FEE19FF972C00816462 /* PBXTargetDependency */ = {
			isa = PBXTargetDependency;
			target = BF007FD219FF972C00816462 /* YTKNetworkDemo */;
			targetProxy = BF007FED19FF972C00816462 /* PBXContainerItemProxy */;
		};
/* End PBXTargetDependency section */

/* Begin PBXVariantGroup section */
		BF007FE019FF972C00816462 /* Main.storyboard */ = {
			isa = PBXVariantGroup;
			children = (
				BF007FE119FF972C00816462 /* Base */,
			);
			name = Main.storyboard;
			sourceTree = "<group>";
		};
		BF007FE519FF972C00816462 /* LaunchScreen.xib */ = {
			isa = PBXVariantGroup;
			children = (
				BF007FE619FF972C00816462 /* Base */,
			);
			name = LaunchScreen.xib;
			sourceTree = "<group>";
		};
/* End PBXVariantGroup section */

/* Begin XCBuildConfiguration section */
		BF007FF419FF972C00816462 /* Debug */ = {
			isa = XCBuildConfiguration;
			buildSettings = {
				ALWAYS_SEARCH_USER_PATHS = NO;
				CLANG_CXX_LANGUAGE_STANDARD = "gnu++0x";
				CLANG_CXX_LIBRARY = "libc++";
				CLANG_ENABLE_MODULES = YES;
				CLANG_ENABLE_OBJC_ARC = YES;
				CLANG_WARN_BOOL_CONVERSION = YES;
				CLANG_WARN_CONSTANT_CONVERSION = YES;
				CLANG_WARN_DIRECT_OBJC_ISA_USAGE = YES_ERROR;
				CLANG_WARN_EMPTY_BODY = YES;
				CLANG_WARN_ENUM_CONVERSION = YES;
				CLANG_WARN_INT_CONVERSION = YES;
				CLANG_WARN_OBJC_ROOT_CLASS = YES_ERROR;
				CLANG_WARN_UNREACHABLE_CODE = YES;
				CLANG_WARN__DUPLICATE_METHOD_MATCH = YES;
				"CODE_SIGN_IDENTITY[sdk=iphoneos*]" = "iPhone Developer";
				COPY_PHASE_STRIP = NO;
				ENABLE_STRICT_OBJC_MSGSEND = YES;
				GCC_C_LANGUAGE_STANDARD = gnu99;
				GCC_DYNAMIC_NO_PIC = NO;
				GCC_OPTIMIZATION_LEVEL = 0;
				GCC_PREPROCESSOR_DEFINITIONS = (
					"DEBUG=1",
					"$(inherited)",
				);
				GCC_SYMBOLS_PRIVATE_EXTERN = NO;
				GCC_WARN_64_TO_32_BIT_CONVERSION = YES;
				GCC_WARN_ABOUT_RETURN_TYPE = YES_ERROR;
				GCC_WARN_UNDECLARED_SELECTOR = YES;
				GCC_WARN_UNINITIALIZED_AUTOS = YES_AGGRESSIVE;
				GCC_WARN_UNUSED_FUNCTION = YES;
				GCC_WARN_UNUSED_VARIABLE = YES;
				IPHONEOS_DEPLOYMENT_TARGET = 8.1;
				MTL_ENABLE_DEBUG_INFO = YES;
				ONLY_ACTIVE_ARCH = YES;
				SDKROOT = iphoneos;
				TARGETED_DEVICE_FAMILY = "1,2";
			};
			name = Debug;
		};
		BF007FF519FF972C00816462 /* Release */ = {
			isa = XCBuildConfiguration;
			buildSettings = {
				ALWAYS_SEARCH_USER_PATHS = NO;
				CLANG_CXX_LANGUAGE_STANDARD = "gnu++0x";
				CLANG_CXX_LIBRARY = "libc++";
				CLANG_ENABLE_MODULES = YES;
				CLANG_ENABLE_OBJC_ARC = YES;
				CLANG_WARN_BOOL_CONVERSION = YES;
				CLANG_WARN_CONSTANT_CONVERSION = YES;
				CLANG_WARN_DIRECT_OBJC_ISA_USAGE = YES_ERROR;
				CLANG_WARN_EMPTY_BODY = YES;
				CLANG_WARN_ENUM_CONVERSION = YES;
				CLANG_WARN_INT_CONVERSION = YES;
				CLANG_WARN_OBJC_ROOT_CLASS = YES_ERROR;
				CLANG_WARN_UNREACHABLE_CODE = YES;
				CLANG_WARN__DUPLICATE_METHOD_MATCH = YES;
				"CODE_SIGN_IDENTITY[sdk=iphoneos*]" = "iPhone Developer";
				COPY_PHASE_STRIP = YES;
				ENABLE_NS_ASSERTIONS = NO;
				ENABLE_STRICT_OBJC_MSGSEND = YES;
				GCC_C_LANGUAGE_STANDARD = gnu99;
				GCC_WARN_64_TO_32_BIT_CONVERSION = YES;
				GCC_WARN_ABOUT_RETURN_TYPE = YES_ERROR;
				GCC_WARN_UNDECLARED_SELECTOR = YES;
				GCC_WARN_UNINITIALIZED_AUTOS = YES_AGGRESSIVE;
				GCC_WARN_UNUSED_FUNCTION = YES;
				GCC_WARN_UNUSED_VARIABLE = YES;
				IPHONEOS_DEPLOYMENT_TARGET = 8.1;
				MTL_ENABLE_DEBUG_INFO = NO;
				SDKROOT = iphoneos;
				TARGETED_DEVICE_FAMILY = "1,2";
				VALIDATE_PRODUCT = YES;
			};
			name = Release;
		};
		BF007FF719FF972C00816462 /* Debug */ = {
			isa = XCBuildConfiguration;
			buildSettings = {
				ASSETCATALOG_COMPILER_APPICON_NAME = AppIcon;
				INFOPLIST_FILE = YTKNetworkDemo/Info.plist;
				IPHONEOS_DEPLOYMENT_TARGET = 8.0;
				LD_RUNPATH_SEARCH_PATHS = "$(inherited) @executable_path/Frameworks";
				PRODUCT_NAME = "$(TARGET_NAME)";
			};
			name = Debug;
		};
		BF007FF819FF972C00816462 /* Release */ = {
			isa = XCBuildConfiguration;
			buildSettings = {
				ASSETCATALOG_COMPILER_APPICON_NAME = AppIcon;
				INFOPLIST_FILE = YTKNetworkDemo/Info.plist;
				IPHONEOS_DEPLOYMENT_TARGET = 8.0;
				LD_RUNPATH_SEARCH_PATHS = "$(inherited) @executable_path/Frameworks";
				PRODUCT_NAME = "$(TARGET_NAME)";
			};
			name = Release;
		};
		BF007FFA19FF972C00816462 /* Debug */ = {
			isa = XCBuildConfiguration;
			buildSettings = {
				BUNDLE_LOADER = "$(TEST_HOST)";
				FRAMEWORK_SEARCH_PATHS = (
					"$(SDKROOT)/Developer/Library/Frameworks",
					"$(inherited)",
				);
				GCC_PREPROCESSOR_DEFINITIONS = (
					"DEBUG=1",
					"$(inherited)",
				);
				INFOPLIST_FILE = YTKNetworkDemoTests/Info.plist;
				LD_RUNPATH_SEARCH_PATHS = "$(inherited) @executable_path/Frameworks @loader_path/Frameworks";
				PRODUCT_NAME = "$(TARGET_NAME)";
				TEST_HOST = "$(BUILT_PRODUCTS_DIR)/YTKNetworkDemo.app/YTKNetworkDemo";
			};
			name = Debug;
		};
		BF007FFB19FF972C00816462 /* Release */ = {
			isa = XCBuildConfiguration;
			buildSettings = {
				BUNDLE_LOADER = "$(TEST_HOST)";
				FRAMEWORK_SEARCH_PATHS = (
					"$(SDKROOT)/Developer/Library/Frameworks",
					"$(inherited)",
				);
				INFOPLIST_FILE = YTKNetworkDemoTests/Info.plist;
				LD_RUNPATH_SEARCH_PATHS = "$(inherited) @executable_path/Frameworks @loader_path/Frameworks";
				PRODUCT_NAME = "$(TARGET_NAME)";
				TEST_HOST = "$(BUILT_PRODUCTS_DIR)/YTKNetworkDemo.app/YTKNetworkDemo";
			};
			name = Release;
		};
/* End XCBuildConfiguration section */

/* Begin XCConfigurationList section */
		BF007FCE19FF972C00816462 /* Build configuration list for PBXProject "YTKNetworkDemo" */ = {
			isa = XCConfigurationList;
			buildConfigurations = (
				BF007FF419FF972C00816462 /* Debug */,
				BF007FF519FF972C00816462 /* Release */,
			);
			defaultConfigurationIsVisible = 0;
			defaultConfigurationName = Release;
		};
		BF007FF619FF972C00816462 /* Build configuration list for PBXNativeTarget "YTKNetworkDemo" */ = {
			isa = XCConfigurationList;
			buildConfigurations = (
				BF007FF719FF972C00816462 /* Debug */,
				BF007FF819FF972C00816462 /* Release */,
			);
			defaultConfigurationIsVisible = 0;
			defaultConfigurationName = Release;
		};
		BF007FF919FF972C00816462 /* Build configuration list for PBXNativeTarget "YTKNetworkDemoTests" */ = {
			isa = XCConfigurationList;
			buildConfigurations = (
				BF007FFA19FF972C00816462 /* Debug */,
				BF007FFB19FF972C00816462 /* Release */,
			);
			defaultConfigurationIsVisible = 0;
			defaultConfigurationName = Release;
		};
/* End XCConfigurationList section */
	};
	rootObject = BF007FCB19FF972C00816462 /* Project object */;
}
