PODS:
  - AFNetworking/NSURLSession (3.2.1):
    - AFNetworking/Reachability
    - AFNetworking/Security
    - AFNetworking/Serialization
  - AFNetworking/Reachability (3.2.1)
  - AFNetworking/Security (3.2.1)
  - AFNetworking/Serialization (3.2.1)
  - YTKNetwork (2.0.5):
    - AFNetworking/NSURLSession (~> 3.0)

DEPENDENCIES:
  - AFNetworking/NSURLSession (~> 3.1)
  - YTKNetwork (from `../`)

SPEC REPOS:
  https://cdn.cocoapods.org/:
    - AFNetworking

EXTERNAL SOURCES:
  YTKNetwork:
    :path: "../"

SPEC CHECKSUMS:
  AFNetworking: b6f891fdfaed196b46c7a83cf209e09697b94057
  YTKNetwork: 05f6e5fe003c57d5c8a214b3b4ac55c443916a1c

PODFILE CHECKSUM: e13467c20b95e7f35a99e80f224a36cabe8eaaff

COCOAPODS: 1.8.0.beta.2
